
Microsoft Visual Studio Solution File, Format Version 12.00
# Visual Studio 2012
Project("{FAE04EC0-301F-11D3-BF4B-00C04F79EFBC}") = "Mirror.Weaver", "Weaver\Mirror.Weaver.csproj", "{709222FD-15C2-497D-8B31-366ADCC074CD}"
EndProject
Global
	GlobalSection(SolutionConfigurationPlatforms) = preSolution
		Debug|Any CPU = Debug|Any CPU
		Release|Any CPU = Release|Any CPU
		Testing|Any CPU = Testing|Any CPU
		Debug-Editor|Any CPU = Debug-Editor|Any CPU
		Release-Editor|Any CPU = Release-Editor|Any CPU
	EndGlobalSection
	GlobalSection(ProjectConfigurationPlatforms) = postSolution
		{709222FD-15C2-497D-8B31-366ADCC074CD}.Debug|Any CPU.ActiveCfg = Debug|Any CPU
		{709222FD-15C2-497D-8B31-366ADCC074CD}.Debug|Any CPU.Build.0 = Debug|Any CPU
		{709222FD-15C2-497D-8B31-366ADCC074CD}.Release|Any CPU.ActiveCfg = Release|Any CPU
		{709222FD-15C2-497D-8B31-366ADCC074CD}.Release|Any CPU.Build.0 = Release|Any CPU
		{709222FD-15C2-497D-8B31-366ADCC074CD}.Testing|Any CPU.ActiveCfg = Release|Any CPU
		{709222FD-15C2-497D-8B31-366ADCC074CD}.Testing|Any CPU.Build.0 = Release|Any CPU
	EndGlobalSection
	GlobalSection(SolutionProperties) = preSolution
		HideSolutionNode = FALSE
	EndGlobalSection
EndGlobal
